
Microsoft Visual Studio Solution File, Format Version 12.00
# Visual Studio Version 17
VisualStudioVersion = 17.10.35013.160
MinimumVisualStudioVersion = 10.0.40219.1
Project("{9A19103F-16F7-4668-BE54-9A1E7A4F7556}") = "TgSearchStatistics", "TgSearchStatistics\TgSearchStatistics.csproj", "{54C1CC85-7864-40F9-BD4E-E86DF0FAE99A}"
EndProject
Global
	GlobalSection(SolutionConfigurationPlatforms) = preSolution
		Debug|Any CPU = Debug|Any CPU
		Release|Any CPU = Release|Any CPU
	EndGlobalSection
	GlobalSection(ProjectConfigurationPlatforms) = postSolution
		{54C1CC85-7864-40F9-BD4E-E86DF0FAE99A}.Debug|Any CPU.ActiveCfg = Debug|Any CPU
		{54C1CC85-7864-40F9-BD4E-E86DF0FAE99A}.Debug|Any CPU.Build.0 = Debug|Any CPU
		{54C1CC85-7864-40F9-BD4E-E86DF0FAE99A}.Release|Any CPU.ActiveCfg = Release|Any CPU
		{54C1CC85-7864-40F9-BD4E-E86DF0FAE99A}.Release|Any CPU.Build.0 = Release|Any CPU
	EndGlobalSection
	GlobalSection(SolutionProperties) = preSolution
		HideSolutionNode = FALSE
	EndGlobalSection
	GlobalSection(ExtensibilityGlobals) = postSolution
		SolutionGuid = {31D703EB-99BD-4B3E-B9A0-4DD0A84881A1}
	EndGlobalSection
EndGlobal
